
Microsoft Visual Studio Solution File, Format Version 12.00
# Visual Studio Version 16
VisualStudioVersion = 25.0.1705.0
MinimumVisualStudioVersion = 10.0.40219.1
Project("{FAE04EC0-301F-11D3-BF4B-00C04F79EFBC}") = "Preuss.CredentialService", "Preuss.CredentialService\Preuss.CredentialService.csproj", "{C09C75D4-972E-4712-B61D-16E103CFEE08}"
EndProject
Project("{FAE04EC0-301F-11D3-BF4B-00C04F79EFBC}") = "Preuss.CredentialService.Abstracts", "Preuss.CredentialService.Abstracts\Preuss.CredentialService.Abstracts.csproj", "{102EFD75-2F1A-4C54-80A5-6CEAD79BD9EA}"
EndProject
Project("{FAE04EC0-301F-11D3-BF4B-00C04F79EFBC}") = "Preuss.CredentialService.MongoAccess", "Preuss.CredentialService.MongoAccess\Preuss.CredentialService.MongoAccess.csproj", "{EDED02DB-85F1-41F6-8C92-BE779FBBDA61}"
EndProject
Project("{FAE04EC0-301F-11D3-BF4B-00C04F79EFBC}") = "Preuss.CredentialService.MongoAccess.Abstracts", "Preuss.CredentialService.MongoAccess.Abstracts\Preuss.CredentialService.MongoAccess.Abstracts.csproj", "{5EBB757B-8CEE-47E0-A001-BE1E91389A8F}"
EndProject
Global
	GlobalSection(SolutionConfigurationPlatforms) = preSolution
		Debug|Any CPU = Debug|Any CPU
		Release|Any CPU = Release|Any CPU
	EndGlobalSection
	GlobalSection(ProjectConfigurationPlatforms) = postSolution
		{C09C75D4-972E-4712-B61D-16E103CFEE08}.Debug|Any CPU.ActiveCfg = Debug|Any CPU
		{C09C75D4-972E-4712-B61D-16E103CFEE08}.Debug|Any CPU.Build.0 = Debug|Any CPU
		{C09C75D4-972E-4712-B61D-16E103CFEE08}.Release|Any CPU.ActiveCfg = Release|Any CPU
		{C09C75D4-972E-4712-B61D-16E103CFEE08}.Release|Any CPU.Build.0 = Release|Any CPU
		{102EFD75-2F1A-4C54-80A5-6CEAD79BD9EA}.Debug|Any CPU.ActiveCfg = Debug|Any CPU
		{102EFD75-2F1A-4C54-80A5-6CEAD79BD9EA}.Debug|Any CPU.Build.0 = Debug|Any CPU
		{102EFD75-2F1A-4C54-80A5-6CEAD79BD9EA}.Release|Any CPU.ActiveCfg = Release|Any CPU
		{102EFD75-2F1A-4C54-80A5-6CEAD79BD9EA}.Release|Any CPU.Build.0 = Release|Any CPU
		{EDED02DB-85F1-41F6-8C92-BE779FBBDA61}.Debug|Any CPU.ActiveCfg = Debug|Any CPU
		{EDED02DB-85F1-41F6-8C92-BE779FBBDA61}.Debug|Any CPU.Build.0 = Debug|Any CPU
		{EDED02DB-85F1-41F6-8C92-BE779FBBDA61}.Release|Any CPU.ActiveCfg = Release|Any CPU
		{EDED02DB-85F1-41F6-8C92-BE779FBBDA61}.Release|Any CPU.Build.0 = Release|Any CPU
		{5EBB757B-8CEE-47E0-A001-BE1E91389A8F}.Debug|Any CPU.ActiveCfg = Debug|Any CPU
		{5EBB757B-8CEE-47E0-A001-BE1E91389A8F}.Debug|Any CPU.Build.0 = Debug|Any CPU
		{5EBB757B-8CEE-47E0-A001-BE1E91389A8F}.Release|Any CPU.ActiveCfg = Release|Any CPU
		{5EBB757B-8CEE-47E0-A001-BE1E91389A8F}.Release|Any CPU.Build.0 = Release|Any CPU
	EndGlobalSection
	GlobalSection(SolutionProperties) = preSolution
		HideSolutionNode = FALSE
	EndGlobalSection
	GlobalSection(ExtensibilityGlobals) = postSolution
		SolutionGuid = {6D4DC1F7-D00B-4189-A2B9-A20C305E44DF}
	EndGlobalSection
EndGlobal
